
Microsoft Visual Studio Solution File, Format Version 12.00
# Visual Studio Version 16
VisualStudioVersion = 16.0.30320.27
MinimumVisualStudioVersion = 10.0.40219.1
Project("{9A19103F-16F7-4668-BE54-9A1E7A4F7556}") = "BroomGUI", "BroomGUI\BroomGUI.csproj", "{8DEB29C8-622F-4027-8C90-320D67DDB3E1}"
EndProject
Project("{9A19103F-16F7-4668-BE54-9A1E7A4F7556}") = "FindFolders", "FindFolders\FindFolders.csproj", "{D8692E43-8458-43A9-9134-BE63AC4AC5EC}"
EndProject
Global
	GlobalSection(SolutionConfigurationPlatforms) = preSolution
		Debug|Any CPU = Debug|Any CPU
		Release|Any CPU = Release|Any CPU
	EndGlobalSection
	GlobalSection(ProjectConfigurationPlatforms) = postSolution
		{8DEB29C8-622F-4027-8C90-320D67DDB3E1}.Debug|Any CPU.ActiveCfg = Debug|Any CPU
		{8DEB29C8-622F-4027-8C90-320D67DDB3E1}.Debug|Any CPU.Build.0 = Debug|Any CPU
		{8DEB29C8-622F-4027-8C90-320D67DDB3E1}.Release|Any CPU.ActiveCfg = Release|Any CPU
		{8DEB29C8-622F-4027-8C90-320D67DDB3E1}.Release|Any CPU.Build.0 = Release|Any CPU
		{D8692E43-8458-43A9-9134-BE63AC4AC5EC}.Debug|Any CPU.ActiveCfg = Debug|Any CPU
		{D8692E43-8458-43A9-9134-BE63AC4AC5EC}.Debug|Any CPU.Build.0 = Debug|Any CPU
		{D8692E43-8458-43A9-9134-BE63AC4AC5EC}.Release|Any CPU.ActiveCfg = Release|Any CPU
		{D8692E43-8458-43A9-9134-BE63AC4AC5EC}.Release|Any CPU.Build.0 = Release|Any CPU
	EndGlobalSection
	GlobalSection(SolutionProperties) = preSolution
		HideSolutionNode = FALSE
	EndGlobalSection
	GlobalSection(ExtensibilityGlobals) = postSolution
		SolutionGuid = {A488A173-46CA-4A94-9C23-17E4D84930CD}
	EndGlobalSection
EndGlobal
